
Microsoft Visual Studio Solution File, Format Version 12.00
# Visual Studio Version 16
VisualStudioVersion = 16.0.31019.35
MinimumVisualStudioVersion = 10.0.40219.1
Project("{9A19103F-16F7-4668-BE54-9A1E7A4F7556}") = "CustomerAgenda.Api", "CustomerAgenda\CustomerAgenda.Api.csproj", "{0D6C696B-2023-4F65-9D96-310C24EAEA65}"
EndProject
Project("{9A19103F-16F7-4668-BE54-9A1E7A4F7556}") = "CustomerAgenda.Business", "CustomerAgenda.Business\CustomerAgenda.Business.csproj", "{6AA968C0-0D36-4B3F-9AD9-50B43C471260}"
EndProject
Project("{9A19103F-16F7-4668-BE54-9A1E7A4F7556}") = "CustomerAgenda.Data", "CustomerAgenda.Data\CustomerAgenda.Data.csproj", "{9EC37633-0D50-4512-8F7A-702B50240667}"
EndProject
Global
	GlobalSection(SolutionConfigurationPlatforms) = preSolution
		Debug|Any CPU = Debug|Any CPU
		Release|Any CPU = Release|Any CPU
	EndGlobalSection
	GlobalSection(ProjectConfigurationPlatforms) = postSolution
		{0D6C696B-2023-4F65-9D96-310C24EAEA65}.Debug|Any CPU.ActiveCfg = Debug|Any CPU
		{0D6C696B-2023-4F65-9D96-310C24EAEA65}.Debug|Any CPU.Build.0 = Debug|Any CPU
		{0D6C696B-2023-4F65-9D96-310C24EAEA65}.Release|Any CPU.ActiveCfg = Release|Any CPU
		{0D6C696B-2023-4F65-9D96-310C24EAEA65}.Release|Any CPU.Build.0 = Release|Any CPU
		{6AA968C0-0D36-4B3F-9AD9-50B43C471260}.Debug|Any CPU.ActiveCfg = Debug|Any CPU
		{6AA968C0-0D36-4B3F-9AD9-50B43C471260}.Debug|Any CPU.Build.0 = Debug|Any CPU
		{6AA968C0-0D36-4B3F-9AD9-50B43C471260}.Release|Any CPU.ActiveCfg = Release|Any CPU
		{6AA968C0-0D36-4B3F-9AD9-50B43C471260}.Release|Any CPU.Build.0 = Release|Any CPU
		{9EC37633-0D50-4512-8F7A-702B50240667}.Debug|Any CPU.ActiveCfg = Debug|Any CPU
		{9EC37633-0D50-4512-8F7A-702B50240667}.Debug|Any CPU.Build.0 = Debug|Any CPU
		{9EC37633-0D50-4512-8F7A-702B50240667}.Release|Any CPU.ActiveCfg = Release|Any CPU
		{9EC37633-0D50-4512-8F7A-702B50240667}.Release|Any CPU.Build.0 = Release|Any CPU
	EndGlobalSection
	GlobalSection(SolutionProperties) = preSolution
		HideSolutionNode = FALSE
	EndGlobalSection
	GlobalSection(ExtensibilityGlobals) = postSolution
		SolutionGuid = {C2F068D2-BD3B-441A-BC3B-2F976072952E}
	EndGlobalSection
EndGlobal
